
Microsoft Visual Studio Solution File, Format Version 12.00
# Visual Studio Version 17
VisualStudioVersion = 17.6.33829.357
MinimumVisualStudioVersion = 10.0.40219.1
Project("{FAE04EC0-301F-11D3-BF4B-00C04F79EFBC}") = "Ecommerce", "Ecommerce.csproj", "{B9D62582-1F4E-4384-8907-DE8A80A3E336}"
EndProject
Global
	GlobalSection(SolutionConfigurationPlatforms) = preSolution
		Debug|Any CPU = Debug|Any CPU
		Release|Any CPU = Release|Any CPU
	EndGlobalSection
	GlobalSection(ProjectConfigurationPlatforms) = postSolution
		{B9D62582-1F4E-4384-8907-DE8A80A3E336}.Debug|Any CPU.ActiveCfg = Debug|Any CPU
		{B9D62582-1F4E-4384-8907-DE8A80A3E336}.Debug|Any CPU.Build.0 = Debug|Any CPU
		{B9D62582-1F4E-4384-8907-DE8A80A3E336}.Release|Any CPU.ActiveCfg = Release|Any CPU
		{B9D62582-1F4E-4384-8907-DE8A80A3E336}.Release|Any CPU.Build.0 = Release|Any CPU
	EndGlobalSection
	GlobalSection(SolutionProperties) = preSolution
		HideSolutionNode = FALSE
	EndGlobalSection
	GlobalSection(ExtensibilityGlobals) = postSolution
		SolutionGuid = {B78453DC-4132-4F70-888F-5A0D8DC43CC9}
	EndGlobalSection
EndGlobal
